
Microsoft Visual Studio Solution File, Format Version 12.00
# Visual Studio Version 17
VisualStudioVersion = 17.5.002.0
MinimumVisualStudioVersion = 10.0.40219.1
Project("{9A19103F-16F7-4668-BE54-9A1E7A4F7556}") = "Polimorfismo", "Polimorfismo.csproj", "{991E9355-94CC-4650-9C13-863268A77A71}"
EndProject
Global
	GlobalSection(SolutionConfigurationPlatforms) = preSolution
		Debug|Any CPU = Debug|Any CPU
		Release|Any CPU = Release|Any CPU
	EndGlobalSection
	GlobalSection(ProjectConfigurationPlatforms) = postSolution
		{991E9355-94CC-4650-9C13-863268A77A71}.Debug|Any CPU.ActiveCfg = Debug|Any CPU
		{991E9355-94CC-4650-9C13-863268A77A71}.Debug|Any CPU.Build.0 = Debug|Any CPU
		{991E9355-94CC-4650-9C13-863268A77A71}.Release|Any CPU.ActiveCfg = Release|Any CPU
		{991E9355-94CC-4650-9C13-863268A77A71}.Release|Any CPU.Build.0 = Release|Any CPU
	EndGlobalSection
	GlobalSection(SolutionProperties) = preSolution
		HideSolutionNode = FALSE
	EndGlobalSection
	GlobalSection(ExtensibilityGlobals) = postSolution
		SolutionGuid = {83D57E1A-3CB4-463A-A61E-77AABA0D15D6}
	EndGlobalSection
EndGlobal
